
Microsoft Visual Studio Solution File, Format Version 12.00
# Visual Studio Version 16
VisualStudioVersion = 16.0.31605.320
MinimumVisualStudioVersion = 10.0.40219.1
Project("{FAE04EC0-301F-11D3-BF4B-00C04F79EFBC}") = "TestLib", "TestLib.csproj", "{664084B5-73AD-4BFA-81DD-97849D91E0EC}"
EndProject
Global
	GlobalSection(SolutionConfigurationPlatforms) = preSolution
		Debug|Any CPU = Debug|Any CPU
		Release|Any CPU = Release|Any CPU
	EndGlobalSection
	GlobalSection(ProjectConfigurationPlatforms) = postSolution
		{664084B5-73AD-4BFA-81DD-97849D91E0EC}.Debug|Any CPU.ActiveCfg = Debug|Any CPU
		{664084B5-73AD-4BFA-81DD-97849D91E0EC}.Debug|Any CPU.Build.0 = Debug|Any CPU
		{664084B5-73AD-4BFA-81DD-97849D91E0EC}.Release|Any CPU.ActiveCfg = Release|Any CPU
		{664084B5-73AD-4BFA-81DD-97849D91E0EC}.Release|Any CPU.Build.0 = Release|Any CPU
	EndGlobalSection
	GlobalSection(SolutionProperties) = preSolution
		HideSolutionNode = FALSE
	EndGlobalSection
	GlobalSection(ExtensibilityGlobals) = postSolution
		SolutionGuid = {0E1658BC-5023-44BB-B281-1E476E0EC11C}
	EndGlobalSection
EndGlobal
